
Microsoft Visual Studio Solution File, Format Version 12.00
# Visual Studio 14
VisualStudioVersion = 14.0.23107.0
MinimumVisualStudioVersion = 10.0.40219.1
Project("{D2ABAB84-BF74-430A-B69E-9DC6D40DDA17}") = "SSAS_IT19174686", "SSAS_IT19174686\SSAS_IT19174686.dwproj", "{86D33B68-6E3A-4484-82FB-EA59BB05D2DB}"
EndProject
Global
	GlobalSection(SolutionConfigurationPlatforms) = preSolution
		Development|Default = Development|Default
	EndGlobalSection
	GlobalSection(ProjectConfigurationPlatforms) = postSolution
		{86D33B68-6E3A-4484-82FB-EA59BB05D2DB}.Development|Default.ActiveCfg = Development
		{86D33B68-6E3A-4484-82FB-EA59BB05D2DB}.Development|Default.Build.0 = Development
		{86D33B68-6E3A-4484-82FB-EA59BB05D2DB}.Development|Default.Deploy.0 = Development
	EndGlobalSection
	GlobalSection(SolutionProperties) = preSolution
		HideSolutionNode = FALSE
	EndGlobalSection
EndGlobal
